// !$*UTF8*$!
{
	archiveVersion = 1;
	classes = {
	};
	objectVersion = 46;
	objects = {

/* Begin PBXBuildFile section */
		5A3188221F695847004E3143 /* WebPTests.swift in Sources */ = {isa = PBXBuildFile; fileRef = 5A3188211F695846004E3143 /* WebPTests.swift */; };
		5A3188241F695847004E3143 /* WebP.framework in Frameworks */ = {isa = PBXBuildFile; fileRef = B71E392B1D87FC6E00F7A22B /* WebP.framework */; };
		5A31882C1F6958D0004E3143 /* GenevaDrive.webp in Resources */ = {isa = PBXBuildFile; fileRef = 5A31882B1F6958C0004E3143 /* GenevaDrive.webp */; };
		5A31882D1F6958D0004E3143 /* testData in Resources */ = {isa = PBXBuildFile; fileRef = 5A31882A1F6958B0004E3143 /* testData */; };
		B71E39391D87FCA800F7A22B /* WebP.h in Headers */ = {isa = PBXBuildFile; fileRef = B71E39361D87FCA800F7A22B /* WebP.h */; settings = {ATTRIBUTES = (Public, ); }; };
		B71E393A1D87FCA800F7A22B /* WebPDecoder.h in Headers */ = {isa = PBXBuildFile; fileRef = B71E39371D87FCA800F7A22B /* WebPDecoder.h */; settings = {ATTRIBUTES = (Public, ); }; };
		B71E393B1D87FCA800F7A22B /* WebPDecoder.m in Sources */ = {isa = PBXBuildFile; fileRef = B71E39381D87FCA800F7A22B /* WebPDecoder.m */; };
		B71E393E1D87FCD000F7A22B /* WebPEncoder.h in Headers */ = {isa = PBXBuildFile; fileRef = B71E393C1D87FCD000F7A22B /* WebPEncoder.h */; settings = {ATTRIBUTES = (Public, ); }; };
		B71E393F1D87FCD000F7A22B /* WebPEncoder.m in Sources */ = {isa = PBXBuildFile; fileRef = B71E393D1D87FCD000F7A22B /* WebPEncoder.m */; };
		B71E394E1D87FD1300F7A22B /* COPYING in Resources */ = {isa = PBXBuildFile; fileRef = B71E39471D87FD1300F7A22B /* COPYING */; };
		B74317B41E15076F007BE0E1 /* Build Instructions in Resources */ = {isa = PBXBuildFile; fileRef = B74317B31E15076F007BE0E1 /* Build Instructions */; };
		B76AE9DF1D9926EF0034D202 /* libwebpdemux.a in Frameworks */ = {isa = PBXBuildFile; fileRef = B76AE9DC1D9926EF0034D202 /* libwebpdemux.a */; };
		B76AE9E01D9926EF0034D202 /* libwebpmux.a in Frameworks */ = {isa = PBXBuildFile; fileRef = B76AE9DD1D9926EF0034D202 /* libwebpmux.a */; };
		B76AE9E11D9926EF0034D202 /* libwebp.a in Frameworks */ = {isa = PBXBuildFile; fileRef = B76AE9DE1D9926EF0034D202 /* libwebp.a */; };
		B76AE9E91D9927290034D202 /* demux.h in Headers */ = {isa = PBXBuildFile; fileRef = B76AE9E21D9927290034D202 /* demux.h */; };
		B76AE9EA1D9927290034D202 /* mux_types.h in Headers */ = {isa = PBXBuildFile; fileRef = B76AE9E31D9927290034D202 /* mux_types.h */; };
		B76AE9EB1D9927290034D202 /* mux.h in Headers */ = {isa = PBXBuildFile; fileRef = B76AE9E41D9927290034D202 /* mux.h */; };
		B76AE9EC1D9927290034D202 /* types.h in Headers */ = {isa = PBXBuildFile; fileRef = B76AE9E51D9927290034D202 /* types.h */; };
		B76AE9ED1D9927290034D202 /* decode.h in Headers */ = {isa = PBXBuildFile; fileRef = B76AE9E61D9927290034D202 /* decode.h */; };
		B76AE9EE1D9927290034D202 /* encode.h in Headers */ = {isa = PBXBuildFile; fileRef = B76AE9E71D9927290034D202 /* encode.h */; };
		B76AE9EF1D9927290034D202 /* extras.h in Headers */ = {isa = PBXBuildFile; fileRef = B76AE9E81D9927290034D202 /* extras.h */; };
/* End PBXBuildFile section */

/* Begin PBXContainerItemProxy section */
		5A3188251F695847004E3143 /* PBXContainerItemProxy */ = {
			isa = PBXContainerItemProxy;
			containerPortal = B71E39221D87FC6E00F7A22B /* Project object */;
			proxyType = 1;
			remoteGlobalIDString = B71E392A1D87FC6E00F7A22B;
			remoteInfo = WebP;
		};
/* End PBXContainerItemProxy section */

/* Begin PBXFileReference section */
		5A31881F1F695846004E3143 /* WebPTests.xctest */ = {isa = PBXFileReference; explicitFileType = wrapper.cfbundle; includeInIndex = 0; path = WebPTests.xctest; sourceTree = BUILT_PRODUCTS_DIR; };
		5A3188211F695846004E3143 /* WebPTests.swift */ = {isa = PBXFileReference; lastKnownFileType = sourcecode.swift; path = WebPTests.swift; sourceTree = "<group>"; };
		5A3188231F695847004E3143 /* Info.plist */ = {isa = PBXFileReference; lastKnownFileType = text.plist.xml; path = Info.plist; sourceTree = "<group>"; };
		5A31882A1F6958B0004E3143 /* testData */ = {isa = PBXFileReference; lastKnownFileType = folder; path = testData; sourceTree = "<group>"; };
		5A31882B1F6958C0004E3143 /* GenevaDrive.webp */ = {isa = PBXFileReference; lastKnownFileType = file; path = GenevaDrive.webp; sourceTree = "<group>"; };
		B71E392B1D87FC6E00F7A22B /* WebP.framework */ = {isa = PBXFileReference; explicitFileType = wrapper.framework; includeInIndex = 0; path = WebP.framework; sourceTree = BUILT_PRODUCTS_DIR; };
		B71E392F1D87FC6E00F7A22B /* Info.plist */ = {isa = PBXFileReference; lastKnownFileType = text.plist.xml; path = Info.plist; sourceTree = "<group>"; };
		B71E39361D87FCA800F7A22B /* WebP.h */ = {isa = PBXFileReference; fileEncoding = 4; lastKnownFileType = sourcecode.c.h; path = WebP.h; sourceTree = "<group>"; };
		B71E39371D87FCA800F7A22B /* WebPDecoder.h */ = {isa = PBXFileReference; fileEncoding = 4; lastKnownFileType = sourcecode.c.h; path = WebPDecoder.h; sourceTree = "<group>"; };
		B71E39381D87FCA800F7A22B /* WebPDecoder.m */ = {isa = PBXFileReference; fileEncoding = 4; lastKnownFileType = sourcecode.c.objc; path = WebPDecoder.m; sourceTree = "<group>"; };
		B71E393C1D87FCD000F7A22B /* WebPEncoder.h */ = {isa = PBXFileReference; fileEncoding = 4; lastKnownFileType = sourcecode.c.h; path = WebPEncoder.h; sourceTree = "<group>"; };
		B71E393D1D87FCD000F7A22B /* WebPEncoder.m */ = {isa = PBXFileReference; fileEncoding = 4; lastKnownFileType = sourcecode.c.objc; path = WebPEncoder.m; sourceTree = "<group>"; };
		B71E39471D87FD1300F7A22B /* COPYING */ = {isa = PBXFileReference; fileEncoding = 4; lastKnownFileType = text; path = COPYING; sourceTree = "<group>"; };
		B74317B31E15076F007BE0E1 /* Build Instructions */ = {isa = PBXFileReference; fileEncoding = 4; lastKnownFileType = text; path = "Build Instructions"; sourceTree = "<group>"; };
		B76AE9DC1D9926EF0034D202 /* libwebpdemux.a */ = {isa = PBXFileReference; lastKnownFileType = archive.ar; path = libwebpdemux.a; sourceTree = "<group>"; };
		B76AE9DD1D9926EF0034D202 /* libwebpmux.a */ = {isa = PBXFileReference; lastKnownFileType = archive.ar; path = libwebpmux.a; sourceTree = "<group>"; };
		B76AE9DE1D9926EF0034D202 /* libwebp.a */ = {isa = PBXFileReference; lastKnownFileType = archive.ar; path = libwebp.a; sourceTree = "<group>"; };
		B76AE9E21D9927290034D202 /* demux.h */ = {isa = PBXFileReference; fileEncoding = 4; lastKnownFileType = sourcecode.c.h; path = demux.h; sourceTree = "<group>"; };
		B76AE9E31D9927290034D202 /* mux_types.h */ = {isa = PBXFileReference; fileEncoding = 4; lastKnownFileType = sourcecode.c.h; path = mux_types.h; sourceTree = "<group>"; };
		B76AE9E41D9927290034D202 /* mux.h */ = {isa = PBXFileReference; fileEncoding = 4; lastKnownFileType = sourcecode.c.h; path = mux.h; sourceTree = "<group>"; };
		B76AE9E51D9927290034D202 /* types.h */ = {isa = PBXFileReference; fileEncoding = 4; lastKnownFileType = sourcecode.c.h; path = types.h; sourceTree = "<group>"; };
		B76AE9E61D9927290034D202 /* decode.h */ = {isa = PBXFileReference; fileEncoding = 4; lastKnownFileType = sourcecode.c.h; path = decode.h; sourceTree = "<group>"; };
		B76AE9E71D9927290034D202 /* encode.h */ = {isa = PBXFileReference; fileEncoding = 4; lastKnownFileType = sourcecode.c.h; path = encode.h; sourceTree = "<group>"; };
		B76AE9E81D9927290034D202 /* extras.h */ = {isa = PBXFileReference; fileEncoding = 4; lastKnownFileType = sourcecode.c.h; path = extras.h; sourceTree = "<group>"; };
/* End PBXFileReference section */

/* Begin PBXFrameworksBuildPhase section */
		5A31881C1F695846004E3143 /* Frameworks */ = {
			isa = PBXFrameworksBuildPhase;
			buildActionMask = 2147483647;
			files = (
				5A3188241F695847004E3143 /* WebP.framework in Frameworks */,
			);
			runOnlyForDeploymentPostprocessing = 0;
		};
		B71E39271D87FC6E00F7A22B /* Frameworks */ = {
			isa = PBXFrameworksBuildPhase;
			buildActionMask = 2147483647;
			files = (
				B76AE9E01D9926EF0034D202 /* libwebpmux.a in Frameworks */,
				B76AE9DF1D9926EF0034D202 /* libwebpdemux.a in Frameworks */,
				B76AE9E11D9926EF0034D202 /* libwebp.a in Frameworks */,
			);
			runOnlyForDeploymentPostprocessing = 0;
		};
/* End PBXFrameworksBuildPhase section */

/* Begin PBXGroup section */
		5A3188201F695846004E3143 /* WebPTests */ = {
			isa = PBXGroup;
			children = (
				5A31882B1F6958C0004E3143 /* GenevaDrive.webp */,
				5A31882A1F6958B0004E3143 /* testData */,
				5A3188211F695846004E3143 /* WebPTests.swift */,
				5A3188231F695847004E3143 /* Info.plist */,
			);
			path = WebPTests;
			sourceTree = "<group>";
		};
		B71E39211D87FC6E00F7A22B = {
			isa = PBXGroup;
			children = (
				B74317B31E15076F007BE0E1 /* Build Instructions */,
				B71E392D1D87FC6E00F7A22B /* WebP */,
				5A3188201F695846004E3143 /* WebPTests */,
				B71E392C1D87FC6E00F7A22B /* Products */,
			);
			sourceTree = "<group>";
		};
		B71E392C1D87FC6E00F7A22B /* Products */ = {
			isa = PBXGroup;
			children = (
				B71E392B1D87FC6E00F7A22B /* WebP.framework */,
				5A31881F1F695846004E3143 /* WebPTests.xctest */,
			);
			name = Products;
			sourceTree = "<group>";
		};
		B71E392D1D87FC6E00F7A22B /* WebP */ = {
			isa = PBXGroup;
			children = (
				B71E39401D87FCE500F7A22B /* lib */,
				B71E39361D87FCA800F7A22B /* WebP.h */,
				B71E393C1D87FCD000F7A22B /* WebPEncoder.h */,
				B71E393D1D87FCD000F7A22B /* WebPEncoder.m */,
				B71E39371D87FCA800F7A22B /* WebPDecoder.h */,
				B71E39381D87FCA800F7A22B /* WebPDecoder.m */,
				B71E392F1D87FC6E00F7A22B /* Info.plist */,
			);
			path = WebP;
			sourceTree = "<group>";
		};
		B71E39401D87FCE500F7A22B /* lib */ = {
			isa = PBXGroup;
			children = (
				B71E39471D87FD1300F7A22B /* COPYING */,
				B76AE9E21D9927290034D202 /* demux.h */,
				B76AE9E31D9927290034D202 /* mux_types.h */,
				B76AE9E41D9927290034D202 /* mux.h */,
				B76AE9E51D9927290034D202 /* types.h */,
				B76AE9E61D9927290034D202 /* decode.h */,
				B76AE9E71D9927290034D202 /* encode.h */,
				B76AE9E81D9927290034D202 /* extras.h */,
				B76AE9DC1D9926EF0034D202 /* libwebpdemux.a */,
				B76AE9DD1D9926EF0034D202 /* libwebpmux.a */,
				B76AE9DE1D9926EF0034D202 /* libwebp.a */,
			);
			path = lib;
			sourceTree = "<group>";
		};
/* End PBXGroup section */

/* Begin PBXHeadersBuildPhase section */
		B71E39281D87FC6E00F7A22B /* Headers */ = {
			isa = PBXHeadersBuildPhase;
			buildActionMask = 2147483647;
			files = (
				B76AE9E91D9927290034D202 /* demux.h in Headers */,
				B71E393E1D87FCD000F7A22B /* WebPEncoder.h in Headers */,
				B76AE9EE1D9927290034D202 /* encode.h in Headers */,
				B76AE9ED1D9927290034D202 /* decode.h in Headers */,
				B76AE9EC1D9927290034D202 /* types.h in Headers */,
				B76AE9EA1D9927290034D202 /* mux_types.h in Headers */,
				B76AE9EB1D9927290034D202 /* mux.h in Headers */,
				B76AE9EF1D9927290034D202 /* extras.h in Headers */,
				B71E393A1D87FCA800F7A22B /* WebPDecoder.h in Headers */,
				B71E39391D87FCA800F7A22B /* WebP.h in Headers */,
			);
			runOnlyForDeploymentPostprocessing = 0;
		};
/* End PBXHeadersBuildPhase section */

/* Begin PBXNativeTarget section */
		5A31881E1F695846004E3143 /* WebPTests */ = {
			isa = PBXNativeTarget;
			buildConfigurationList = 5A3188291F695847004E3143 /* Build configuration list for PBXNativeTarget "WebPTests" */;
			buildPhases = (
				5A31881B1F695846004E3143 /* Sources */,
				5A31881C1F695846004E3143 /* Frameworks */,
				5A31881D1F695846004E3143 /* Resources */,
			);
			buildRules = (
			);
			dependencies = (
				5A3188261F695847004E3143 /* PBXTargetDependency */,
			);
			name = WebPTests;
			productName = WebPTests;
			productReference = 5A31881F1F695846004E3143 /* WebPTests.xctest */;
			productType = "com.apple.product-type.bundle.unit-test";
		};
		B71E392A1D87FC6E00F7A22B /* WebP */ = {
			isa = PBXNativeTarget;
			buildConfigurationList = B71E39331D87FC6E00F7A22B /* Build configuration list for PBXNativeTarget "WebP" */;
			buildPhases = (
				B71E39261D87FC6E00F7A22B /* Sources */,
				B71E39271D87FC6E00F7A22B /* Frameworks */,
				B71E39281D87FC6E00F7A22B /* Headers */,
				B71E39291D87FC6E00F7A22B /* Resources */,
			);
			buildRules = (
			);
			dependencies = (
			);
			name = WebP;
			productName = WebP;
			productReference = B71E392B1D87FC6E00F7A22B /* WebP.framework */;
			productType = "com.apple.product-type.framework";
		};
/* End PBXNativeTarget section */

/* Begin PBXProject section */
		B71E39221D87FC6E00F7A22B /* Project object */ = {
			isa = PBXProject;
			attributes = {
				LastSwiftUpdateCheck = 0900;
				LastUpgradeCheck = 0900;
				ORGANIZATIONNAME = "telethon k.k.";
				TargetAttributes = {
					5A31881E1F695846004E3143 = {
						CreatedOnToolsVersion = 9.0;
						DevelopmentTeam = DVQ96RL2KL;
						ProvisioningStyle = Automatic;
					};
					B71E392A1D87FC6E00F7A22B = {
						CreatedOnToolsVersion = 8.0;
						DevelopmentTeam = DVQ96RL2KL;
						LastSwiftMigration = 0900;
						ProvisioningStyle = Automatic;
					};
				};
			};
			buildConfigurationList = B71E39251D87FC6E00F7A22B /* Build configuration list for PBXProject "WebP" */;
			compatibilityVersion = "Xcode 3.2";
			developmentRegion = English;
			hasScannedForEncodings = 0;
			knownRegions = (
				en,
			);
			mainGroup = B71E39211D87FC6E00F7A22B;
			productRefGroup = B71E392C1D87FC6E00F7A22B /* Products */;
			projectDirPath = "";
			projectRoot = "";
			targets = (
				B71E392A1D87FC6E00F7A22B /* WebP */,
				5A31881E1F695846004E3143 /* WebPTests */,
			);
		};
/* End PBXProject section */

/* Begin PBXResourcesBuildPhase section */
		5A31881D1F695846004E3143 /* Resources */ = {
			isa = PBXResourcesBuildPhase;
			buildActionMask = 2147483647;
			files = (
				5A31882C1F6958D0004E3143 /* GenevaDrive.webp in Resources */,
				5A31882D1F6958D0004E3143 /* testData in Resources */,
			);
			runOnlyForDeploymentPostprocessing = 0;
		};
		B71E39291D87FC6E00F7A22B /* Resources */ = {
			isa = PBXResourcesBuildPhase;
			buildActionMask = 2147483647;
			files = (
				B71E394E1D87FD1300F7A22B /* COPYING in Resources */,
				B74317B41E15076F007BE0E1 /* Build Instructions in Resources */,
			);
			runOnlyForDeploymentPostprocessing = 0;
		};
/* End PBXResourcesBuildPhase section */

/* Begin PBXSourcesBuildPhase section */
		5A31881B1F695846004E3143 /* Sources */ = {
			isa = PBXSourcesBuildPhase;
			buildActionMask = 2147483647;
			files = (
				5A3188221F695847004E3143 /* WebPTests.swift in Sources */,
			);
			runOnlyForDeploymentPostprocessing = 0;
		};
		B71E39261D87FC6E00F7A22B /* Sources */ = {
			isa = PBXSourcesBuildPhase;
			buildActionMask = 2147483647;
			files = (
				B71E393F1D87FCD000F7A22B /* WebPEncoder.m in Sources */,
				B71E393B1D87FCA800F7A22B /* WebPDecoder.m in Sources */,
			);
			runOnlyForDeploymentPostprocessing = 0;
		};
/* End PBXSourcesBuildPhase section */

/* Begin PBXTargetDependency section */
		5A3188261F695847004E3143 /* PBXTargetDependency */ = {
			isa = PBXTargetDependency;
			target = B71E392A1D87FC6E00F7A22B /* WebP */;
			targetProxy = 5A3188251F695847004E3143 /* PBXContainerItemProxy */;
		};
/* End PBXTargetDependency section */

/* Begin XCBuildConfiguration section */
		5A3188271F695847004E3143 /* Debug */ = {
			isa = XCBuildConfiguration;
			buildSettings = {
				CLANG_ANALYZER_NUMBER_OBJECT_CONVERSION = YES_AGGRESSIVE;
				CLANG_CXX_LANGUAGE_STANDARD = "gnu++14";
				CLANG_WARN_UNGUARDED_AVAILABILITY = YES_AGGRESSIVE;
				CODE_SIGN_IDENTITY = "Mac Developer";
				CODE_SIGN_STYLE = Automatic;
				COMBINE_HIDPI_IMAGES = YES;
				DEVELOPMENT_TEAM = DVQ96RL2KL;
				GCC_C_LANGUAGE_STANDARD = gnu11;
				INFOPLIST_FILE = WebPTests/Info.plist;
				LD_RUNPATH_SEARCH_PATHS = "$(inherited) @executable_path/../Frameworks @loader_path/../Frameworks";
				MACOSX_DEPLOYMENT_TARGET = 10.12;
				PRODUCT_BUNDLE_IDENTIFIER = com.telethon.WebPTests;
				PRODUCT_NAME = "$(TARGET_NAME)";
				SWIFT_VERSION = 4.0;
			};
			name = Debug;
		};
		5A3188281F695847004E3143 /* Release */ = {
			isa = XCBuildConfiguration;
			buildSettings = {
				CLANG_ANALYZER_NUMBER_OBJECT_CONVERSION = YES_AGGRESSIVE;
				CLANG_CXX_LANGUAGE_STANDARD = "gnu++14";
				CLANG_WARN_UNGUARDED_AVAILABILITY = YES_AGGRESSIVE;
				CODE_SIGN_IDENTITY = "Mac Developer";
				CODE_SIGN_STYLE = Automatic;
				COMBINE_HIDPI_IMAGES = YES;
				DEVELOPMENT_TEAM = DVQ96RL2KL;
				GCC_C_LANGUAGE_STANDARD = gnu11;
				INFOPLIST_FILE = WebPTests/Info.plist;
				LD_RUNPATH_SEARCH_PATHS = "$(inherited) @executable_path/../Frameworks @loader_path/../Frameworks";
				MACOSX_DEPLOYMENT_TARGET = 10.12;
				PRODUCT_BUNDLE_IDENTIFIER = com.telethon.WebPTests;
				PRODUCT_NAME = "$(TARGET_NAME)";
				SWIFT_VERSION = 4.0;
			};
			name = Release;
		};
		B71E39311D87FC6E00F7A22B /* Debug */ = {
			isa = XCBuildConfiguration;
			buildSettings = {
				ALWAYS_SEARCH_USER_PATHS = NO;
				CLANG_ANALYZER_NONNULL = YES;
				CLANG_CXX_LANGUAGE_STANDARD = "gnu++0x";
				CLANG_CXX_LIBRARY = "libc++";
				CLANG_ENABLE_MODULES = YES;
				CLANG_ENABLE_OBJC_ARC = YES;
				CLANG_WARN_BLOCK_CAPTURE_AUTORELEASING = YES;
				CLANG_WARN_BOOL_CONVERSION = YES;
				CLANG_WARN_COMMA = YES;
				CLANG_WARN_CONSTANT_CONVERSION = YES;
				CLANG_WARN_DIRECT_OBJC_ISA_USAGE = YES_ERROR;
				CLANG_WARN_DOCUMENTATION_COMMENTS = YES;
				CLANG_WARN_EMPTY_BODY = YES;
				CLANG_WARN_ENUM_CONVERSION = YES;
				CLANG_WARN_INFINITE_RECURSION = YES;
				CLANG_WARN_INT_CONVERSION = YES;
				CLANG_WARN_NON_LITERAL_NULL_CONVERSION = YES;
				CLANG_WARN_OBJC_LITERAL_CONVERSION = YES;
				CLANG_WARN_OBJC_ROOT_CLASS = YES_ERROR;
				CLANG_WARN_RANGE_LOOP_ANALYSIS = YES;
				CLANG_WARN_STRICT_PROTOTYPES = YES;
				CLANG_WARN_SUSPICIOUS_MOVE = YES;
				CLANG_WARN_SUSPICIOUS_MOVES = YES;
				CLANG_WARN_UNREACHABLE_CODE = YES;
				CLANG_WARN__DUPLICATE_METHOD_MATCH = YES;
				CODE_SIGN_IDENTITY = "-";
				COPY_PHASE_STRIP = NO;
				CURRENT_PROJECT_VERSION = 1;
				DEBUG_INFORMATION_FORMAT = dwarf;
				ENABLE_STRICT_OBJC_MSGSEND = YES;
				ENABLE_TESTABILITY = YES;
				GCC_C_LANGUAGE_STANDARD = gnu99;
				GCC_DYNAMIC_NO_PIC = NO;
				GCC_NO_COMMON_BLOCKS = YES;
				GCC_OPTIMIZATION_LEVEL = 0;
				GCC_PREPROCESSOR_DEFINITIONS = (
					"DEBUG=1",
					"$(inherited)",
				);
				GCC_WARN_64_TO_32_BIT_CONVERSION = YES;
				GCC_WARN_ABOUT_RETURN_TYPE = YES_ERROR;
				GCC_WARN_UNDECLARED_SELECTOR = YES;
				GCC_WARN_UNINITIALIZED_AUTOS = YES_AGGRESSIVE;
				GCC_WARN_UNUSED_FUNCTION = YES;
				GCC_WARN_UNUSED_VARIABLE = YES;
				MACOSX_DEPLOYMENT_TARGET = 10.11;
				MTL_ENABLE_DEBUG_INFO = YES;
				ONLY_ACTIVE_ARCH = YES;
				SDKROOT = macosx;
				SWIFT_ACTIVE_COMPILATION_CONDITIONS = DEBUG;
				SWIFT_OPTIMIZATION_LEVEL = "-Onone";
				VERSIONING_SYSTEM = "apple-generic";
				VERSION_INFO_PREFIX = "";
			};
			name = Debug;
		};
		B71E39321D87FC6E00F7A22B /* Release */ = {
			isa = XCBuildConfiguration;
			buildSettings = {
				ALWAYS_SEARCH_USER_PATHS = NO;
				CLANG_ANALYZER_NONNULL = YES;
				CLANG_CXX_LANGUAGE_STANDARD = "gnu++0x";
				CLANG_CXX_LIBRARY = "libc++";
				CLANG_ENABLE_MODULES = YES;
				CLANG_ENABLE_OBJC_ARC = YES;
				CLANG_WARN_BLOCK_CAPTURE_AUTORELEASING = YES;
				CLANG_WARN_BOOL_CONVERSION = YES;
				CLANG_WARN_COMMA = YES;
				CLANG_WARN_CONSTANT_CONVERSION = YES;
				CLANG_WARN_DIRECT_OBJC_ISA_USAGE = YES_ERROR;
				CLANG_WARN_DOCUMENTATION_COMMENTS = YES;
				CLANG_WARN_EMPTY_BODY = YES;
				CLANG_WARN_ENUM_CONVERSION = YES;
				CLANG_WARN_INFINITE_RECURSION = YES;
				CLANG_WARN_INT_CONVERSION = YES;
				CLANG_WARN_NON_LITERAL_NULL_CONVERSION = YES;
				CLANG_WARN_OBJC_LITERAL_CONVERSION = YES;
				CLANG_WARN_OBJC_ROOT_CLASS = YES_ERROR;
				CLANG_WARN_RANGE_LOOP_ANALYSIS = YES;
				CLANG_WARN_STRICT_PROTOTYPES = YES;
				CLANG_WARN_SUSPICIOUS_MOVE = YES;
				CLANG_WARN_SUSPICIOUS_MOVES = YES;
				CLANG_WARN_UNREACHABLE_CODE = YES;
				CLANG_WARN__DUPLICATE_METHOD_MATCH = YES;
				CODE_SIGN_IDENTITY = "-";
				COPY_PHASE_STRIP = NO;
				CURRENT_PROJECT_VERSION = 1;
				DEBUG_INFORMATION_FORMAT = "dwarf-with-dsym";
				ENABLE_NS_ASSERTIONS = NO;
				ENABLE_STRICT_OBJC_MSGSEND = YES;
				GCC_C_LANGUAGE_STANDARD = gnu99;
				GCC_NO_COMMON_BLOCKS = YES;
				GCC_WARN_64_TO_32_BIT_CONVERSION = YES;
				GCC_WARN_ABOUT_RETURN_TYPE = YES_ERROR;
				GCC_WARN_UNDECLARED_SELECTOR = YES;
				GCC_WARN_UNINITIALIZED_AUTOS = YES_AGGRESSIVE;
				GCC_WARN_UNUSED_FUNCTION = YES;
				GCC_WARN_UNUSED_VARIABLE = YES;
				MACOSX_DEPLOYMENT_TARGET = 10.11;
				MTL_ENABLE_DEBUG_INFO = NO;
				SDKROOT = macosx;
				SWIFT_OPTIMIZATION_LEVEL = "-Owholemodule";
				VERSIONING_SYSTEM = "apple-generic";
				VERSION_INFO_PREFIX = "";
			};
			name = Release;
		};
		B71E39341D87FC6E00F7A22B /* Debug */ = {
			isa = XCBuildConfiguration;
			buildSettings = {
				APPLICATION_EXTENSION_API_ONLY = YES;
				CODE_SIGN_IDENTITY = "";
				COMBINE_HIDPI_IMAGES = YES;
				DEFINES_MODULE = YES;
				DEVELOPMENT_TEAM = DVQ96RL2KL;
				DYLIB_COMPATIBILITY_VERSION = 1;
				DYLIB_CURRENT_VERSION = 1;
				DYLIB_INSTALL_NAME_BASE = "@rpath";
				FRAMEWORK_VERSION = A;
				INFOPLIST_FILE = WebP/Info.plist;
				INSTALL_PATH = "$(LOCAL_LIBRARY_DIR)/Frameworks";
				LD_RUNPATH_SEARCH_PATHS = "$(inherited) @executable_path/../Frameworks @loader_path/Frameworks";
				LIBRARY_SEARCH_PATHS = (
					"$(inherited)",
					"$(PROJECT_DIR)/WebP/lib",
				);
				PRODUCT_BUNDLE_IDENTIFIER = com.telethon.WebP;
				PRODUCT_NAME = "$(TARGET_NAME)";
				SKIP_INSTALL = YES;
				SWIFT_SWIFT3_OBJC_INFERENCE = On;
				SWIFT_VERSION = 4.0;
			};
			name = Debug;
		};
		B71E39351D87FC6E00F7A22B /* Release */ = {
			isa = XCBuildConfiguration;
			buildSettings = {
				APPLICATION_EXTENSION_API_ONLY = YES;
				CODE_SIGN_IDENTITY = "";
				COMBINE_HIDPI_IMAGES = YES;
				DEFINES_MODULE = YES;
				DEVELOPMENT_TEAM = DVQ96RL2KL;
				DYLIB_COMPATIBILITY_VERSION = 1;
				DYLIB_CURRENT_VERSION = 1;
				DYLIB_INSTALL_NAME_BASE = "@rpath";
				FRAMEWORK_VERSION = A;
				INFOPLIST_FILE = WebP/Info.plist;
				INSTALL_PATH = "$(LOCAL_LIBRARY_DIR)/Frameworks";
				LD_RUNPATH_SEARCH_PATHS = "$(inherited) @executable_path/../Frameworks @loader_path/Frameworks";
				LIBRARY_SEARCH_PATHS = (
					"$(inherited)",
					"$(PROJECT_DIR)/WebP/lib",
				);
				PRODUCT_BUNDLE_IDENTIFIER = com.telethon.WebP;
				PRODUCT_NAME = "$(TARGET_NAME)";
				SKIP_INSTALL = YES;
				SWIFT_SWIFT3_OBJC_INFERENCE = On;
				SWIFT_VERSION = 4.0;
			};
			name = Release;
		};
/* End XCBuildConfiguration section */

/* Begin XCConfigurationList section */
		5A3188291F695847004E3143 /* Build configuration list for PBXNativeTarget "WebPTests" */ = {
			isa = XCConfigurationList;
			buildConfigurations = (
				5A3188271F695847004E3143 /* Debug */,
				5A3188281F695847004E3143 /* Release */,
			);
			defaultConfigurationIsVisible = 0;
			defaultConfigurationName = Release;
		};
		B71E39251D87FC6E00F7A22B /* Build configuration list for PBXProject "WebP" */ = {
			isa = XCConfigurationList;
			buildConfigurations = (
				B71E39311D87FC6E00F7A22B /* Debug */,
				B71E39321D87FC6E00F7A22B /* Release */,
			);
			defaultConfigurationIsVisible = 0;
			defaultConfigurationName = Release;
		};
		B71E39331D87FC6E00F7A22B /* Build configuration list for PBXNativeTarget "WebP" */ = {
			isa = XCConfigurationList;
			buildConfigurations = (
				B71E39341D87FC6E00F7A22B /* Debug */,
				B71E39351D87FC6E00F7A22B /* Release */,
			);
			defaultConfigurationIsVisible = 0;
			defaultConfigurationName = Release;
		};
/* End XCConfigurationList section */
	};
	rootObject = B71E39221D87FC6E00F7A22B /* Project object */;
}
